
Microsoft Visual Studio Solution File, Format Version 12.00
# Visual Studio 15
VisualStudioVersion = 15.0.27703.2035
MinimumVisualStudioVersion = 10.0.40219.1
Project("{FAE04EC0-301F-11D3-BF4B-00C04F79EFBC}") = "Lab1_Xams", "Lab1_Xams\Lab1_Xams.csproj", "{B7005F43-6694-4A48-A90F-6066E7C20563}"
EndProject
Global
	GlobalSection(SolutionConfigurationPlatforms) = preSolution
		Debug|Any CPU = Debug|Any CPU
		Release|Any CPU = Release|Any CPU
	EndGlobalSection
	GlobalSection(ProjectConfigurationPlatforms) = postSolution
		{B7005F43-6694-4A48-A90F-6066E7C20563}.Debug|Any CPU.ActiveCfg = Debug|Any CPU
		{B7005F43-6694-4A48-A90F-6066E7C20563}.Debug|Any CPU.Build.0 = Debug|Any CPU
		{B7005F43-6694-4A48-A90F-6066E7C20563}.Release|Any CPU.ActiveCfg = Release|Any CPU
		{B7005F43-6694-4A48-A90F-6066E7C20563}.Release|Any CPU.Build.0 = Release|Any CPU
	EndGlobalSection
	GlobalSection(SolutionProperties) = preSolution
		HideSolutionNode = FALSE
	EndGlobalSection
	GlobalSection(ExtensibilityGlobals) = postSolution
		SolutionGuid = {A210AF1C-E5A5-4FF8-AFE5-5F6AA8C1883E}
	EndGlobalSection
EndGlobal
